
Microsoft Visual Studio Solution File, Format Version 12.00
Project("{FAE04EC0-301F-11D3-BF4B-00C04F79EFBC}") = "ClayzeBlazorServer", "ClayzeBlazorServer\ClayzeBlazorServer.csproj", "{4FE3EF6B-68ED-470A-AB30-BB36E9D3305D}"
EndProject
Global
	GlobalSection(SolutionConfigurationPlatforms) = preSolution
		Debug|Any CPU = Debug|Any CPU
		Release|Any CPU = Release|Any CPU
	EndGlobalSection
	GlobalSection(ProjectConfigurationPlatforms) = postSolution
		{4FE3EF6B-68ED-470A-AB30-BB36E9D3305D}.Debug|Any CPU.ActiveCfg = Debug|Any CPU
		{4FE3EF6B-68ED-470A-AB30-BB36E9D3305D}.Debug|Any CPU.Build.0 = Debug|Any CPU
		{4FE3EF6B-68ED-470A-AB30-BB36E9D3305D}.Release|Any CPU.ActiveCfg = Release|Any CPU
		{4FE3EF6B-68ED-470A-AB30-BB36E9D3305D}.Release|Any CPU.Build.0 = Release|Any CPU
	EndGlobalSection
EndGlobal
